{
  "requires": true,
  "lockfileVersion": 1,
  "dependencies": {
    "@playwright/test": {
      "version": "1.26.1",
      "resolved": "https://registry.npmmirror.com/@playwright/test/-/test-1.26.1.tgz",
      "integrity": "sha512-bNxyZASVt2adSZ9gbD7NCydzcb5JaI0OR9hc7s+nmPeH604gwp0zp17NNpwXY4c8nvuBGQQ9oGDx72LE+cUWvw==",
      "requires": {
        "@types/node": "*",
        "playwright-core": "1.26.1"
      },
      "dependencies": {
        "playwright-core": {
          "version": "1.26.1",
          "resolved": "https://registry.npmmirror.com/playwright-core/-/playwright-core-1.26.1.tgz",
          "integrity": "sha512-hzFchhhxnEiPc4qVPs9q2ZR+5eKNifY2hQDHtg1HnTTUuphYCBP8ZRb2si+B1TR7BHirgXaPi48LIye5SgrLAA=="
        }
      }
    },
    "@types/node": {
      "version": "18.7.23",
      "resolved": "https://registry.npmmirror.com/@types/node/-/node-18.7.23.tgz",
      "integrity": "sha512-DWNcCHolDq0ZKGizjx2DZjR/PqsYwAcYUJmfMWqtVU2MBMG5Mo+xFZrhGId5r/O5HOuMPyQEcM6KUBp5lBZZBg=="
    }
  }
}
