
Microsoft Visual Studio Solution File, Format Version 12.00
# Visual Studio Version 17
VisualStudioVersion = 17.2.32630.192
MinimumVisualStudioVersion = 10.0.40219.1
Project("{9A19103F-16F7-4668-BE54-9A1E7A4F7556}") = "PlaywrightDemo", "PlaywrightDemo.csproj", "{3D377FF6-8295-4647-8C41-544D598E5E1E}"
EndProject
Global
	GlobalSection(SolutionConfigurationPlatforms) = preSolution
		Debug|Any CPU = Debug|Any CPU
		Release|Any CPU = Release|Any CPU
	EndGlobalSection
	GlobalSection(ProjectConfigurationPlatforms) = postSolution
		{3D377FF6-8295-4647-8C41-544D598E5E1E}.Debug|Any CPU.ActiveCfg = Debug|Any CPU
		{3D377FF6-8295-4647-8C41-544D598E5E1E}.Debug|Any CPU.Build.0 = Debug|Any CPU
		{3D377FF6-8295-4647-8C41-544D598E5E1E}.Release|Any CPU.ActiveCfg = Release|Any CPU
		{3D377FF6-8295-4647-8C41-544D598E5E1E}.Release|Any CPU.Build.0 = Release|Any CPU
	EndGlobalSection
	GlobalSection(SolutionProperties) = preSolution
		HideSolutionNode = FALSE
	EndGlobalSection
	GlobalSection(ExtensibilityGlobals) = postSolution
		SolutionGuid = {69DB3826-6A4C-4B40-A5F9-64ED518BC31F}
	EndGlobalSection
EndGlobal
